
Microsoft Visual Studio Solution File, Format Version 12.00
Project("{FAE04EC0-301F-11D3-BF4B-00C04F79EFBC}") = "Crude.BitmapIndex", "src\Crude.BitmapIndex\Crude.BitmapIndex.csproj", "{465A54AA-8DDD-4DC3-84D3-56F1DB47E321}"
EndProject
Project("{2150E333-8FDC-42A3-9474-1A3956D46DE8}") = "tests", "tests", "{A0F1F821-3172-42A8-BF34-1FE479E48220}"
EndProject
Project("{2150E333-8FDC-42A3-9474-1A3956D46DE8}") = "samples", "samples", "{BB30954C-14BF-47E8-9D97-C6E3CBED73B5}"
EndProject
Project("{2150E333-8FDC-42A3-9474-1A3956D46DE8}") = "src", "src", "{B1113726-0A03-4F18-A2AC-94FC52B9ABE9}"
EndProject
Project("{2150E333-8FDC-42A3-9474-1A3956D46DE8}") = "benchmarks", "benchmarks", "{DE24CB8D-01F8-42C3-B79E-665E462282B1}"
EndProject
Project("{FAE04EC0-301F-11D3-BF4B-00C04F79EFBC}") = "BitmapTests", "tests\BitmapTests\BitmapTests.csproj", "{4E489713-6B46-4F6D-8875-70BFCB6C035A}"
EndProject
Global
	GlobalSection(SolutionConfigurationPlatforms) = preSolution
		Debug|Any CPU = Debug|Any CPU
		Release|Any CPU = Release|Any CPU
	EndGlobalSection
	GlobalSection(ProjectConfigurationPlatforms) = postSolution
		{465A54AA-8DDD-4DC3-84D3-56F1DB47E321}.Debug|Any CPU.ActiveCfg = Debug|Any CPU
		{465A54AA-8DDD-4DC3-84D3-56F1DB47E321}.Debug|Any CPU.Build.0 = Debug|Any CPU
		{465A54AA-8DDD-4DC3-84D3-56F1DB47E321}.Release|Any CPU.ActiveCfg = Release|Any CPU
		{465A54AA-8DDD-4DC3-84D3-56F1DB47E321}.Release|Any CPU.Build.0 = Release|Any CPU
		{4E489713-6B46-4F6D-8875-70BFCB6C035A}.Debug|Any CPU.ActiveCfg = Debug|Any CPU
		{4E489713-6B46-4F6D-8875-70BFCB6C035A}.Debug|Any CPU.Build.0 = Debug|Any CPU
		{4E489713-6B46-4F6D-8875-70BFCB6C035A}.Release|Any CPU.ActiveCfg = Release|Any CPU
		{4E489713-6B46-4F6D-8875-70BFCB6C035A}.Release|Any CPU.Build.0 = Release|Any CPU
	EndGlobalSection
	GlobalSection(NestedProjects) = preSolution
		{465A54AA-8DDD-4DC3-84D3-56F1DB47E321} = {B1113726-0A03-4F18-A2AC-94FC52B9ABE9}
		{4E489713-6B46-4F6D-8875-70BFCB6C035A} = {A0F1F821-3172-42A8-BF34-1FE479E48220}
	EndGlobalSection
EndGlobal
